// !$*UTF8*$!
{
	archiveVersion = 1;
	classes = {
	};
	objectVersion = 50;
	objects = {

/* Begin PBXBuildFile section */
		3780E137236BDAED00B186E7 /* NetworkHandler.swift in Sources */ = {isa = PBXBuildFile; fileRef = 3780E136236BDAED00B186E7 /* NetworkHandler.swift */; };
		37A5D2F8236B7C8600D0828B /* AlbumDetailViewController.swift in Sources */ = {isa = PBXBuildFile; fileRef = 37A5D2F7236B7C8600D0828B /* AlbumDetailViewController.swift */; };
		37BF8147236A835F0007AB08 /* AppDelegate.swift in Sources */ = {isa = PBXBuildFile; fileRef = 37BF8146236A835F0007AB08 /* AppDelegate.swift */; };
		37BF814E236A83640007AB08 /* Assets.xcassets in Resources */ = {isa = PBXBuildFile; fileRef = 37BF814D236A83640007AB08 /* Assets.xcassets */; };
		37BF8151236A83640007AB08 /* LaunchScreen.storyboard in Resources */ = {isa = PBXBuildFile; fileRef = 37BF814F236A83640007AB08 /* LaunchScreen.storyboard */; };
		37BF815C236A83640007AB08 /* iTunesAlbumsTests.swift in Sources */ = {isa = PBXBuildFile; fileRef = 37BF815B236A83640007AB08 /* iTunesAlbumsTests.swift */; };
		37BF8167236A83640007AB08 /* iTunesAlbumsUITests.swift in Sources */ = {isa = PBXBuildFile; fileRef = 37BF8166236A83640007AB08 /* iTunesAlbumsUITests.swift */; };
		37BF8175236A854E0007AB08 /* AlbumsTableViewController.swift in Sources */ = {isa = PBXBuildFile; fileRef = 37BF8174236A854E0007AB08 /* AlbumsTableViewController.swift */; };
		37BF8177236A88250007AB08 /* Constants.swift in Sources */ = {isa = PBXBuildFile; fileRef = 37BF8176236A88250007AB08 /* Constants.swift */; };
		37BF817B236AA0DD0007AB08 /* AlbumsModel.swift in Sources */ = {isa = PBXBuildFile; fileRef = 37BF817A236AA0DD0007AB08 /* AlbumsModel.swift */; };
/* End PBXBuildFile section */

/* Begin PBXContainerItemProxy section */
		37BF8158236A83640007AB08 /* PBXContainerItemProxy */ = {
			isa = PBXContainerItemProxy;
			containerPortal = 37BF813B236A835F0007AB08 /* Project object */;
			proxyType = 1;
			remoteGlobalIDString = 37BF8142236A835F0007AB08;
			remoteInfo = iTunesAlbums;
		};
		37BF8163236A83640007AB08 /* PBXContainerItemProxy */ = {
			isa = PBXContainerItemProxy;
			containerPortal = 37BF813B236A835F0007AB08 /* Project object */;
			proxyType = 1;
			remoteGlobalIDString = 37BF8142236A835F0007AB08;
			remoteInfo = iTunesAlbums;
		};
/* End PBXContainerItemProxy section */

/* Begin PBXFileReference section */
		3780E136236BDAED00B186E7 /* NetworkHandler.swift */ = {isa = PBXFileReference; lastKnownFileType = sourcecode.swift; path = NetworkHandler.swift; sourceTree = "<group>"; };
		37A5D2F7236B7C8600D0828B /* AlbumDetailViewController.swift */ = {isa = PBXFileReference; lastKnownFileType = sourcecode.swift; path = AlbumDetailViewController.swift; sourceTree = "<group>"; };
		37BF8143236A835F0007AB08 /* iTunesAlbums.app */ = {isa = PBXFileReference; explicitFileType = wrapper.application; includeInIndex = 0; path = iTunesAlbums.app; sourceTree = BUILT_PRODUCTS_DIR; };
		37BF8146236A835F0007AB08 /* AppDelegate.swift */ = {isa = PBXFileReference; lastKnownFileType = sourcecode.swift; path = AppDelegate.swift; sourceTree = "<group>"; };
		37BF814D236A83640007AB08 /* Assets.xcassets */ = {isa = PBXFileReference; lastKnownFileType = folder.assetcatalog; path = Assets.xcassets; sourceTree = "<group>"; };
		37BF8150236A83640007AB08 /* Base */ = {isa = PBXFileReference; lastKnownFileType = file.storyboard; name = Base; path = Base.lproj/LaunchScreen.storyboard; sourceTree = "<group>"; };
		37BF8152236A83640007AB08 /* Info.plist */ = {isa = PBXFileReference; lastKnownFileType = text.plist.xml; path = Info.plist; sourceTree = "<group>"; };
		37BF8157236A83640007AB08 /* iTunesAlbumsTests.xctest */ = {isa = PBXFileReference; explicitFileType = wrapper.cfbundle; includeInIndex = 0; path = iTunesAlbumsTests.xctest; sourceTree = BUILT_PRODUCTS_DIR; };
		37BF815B236A83640007AB08 /* iTunesAlbumsTests.swift */ = {isa = PBXFileReference; lastKnownFileType = sourcecode.swift; path = iTunesAlbumsTests.swift; sourceTree = "<group>"; };
		37BF815D236A83640007AB08 /* Info.plist */ = {isa = PBXFileReference; lastKnownFileType = text.plist.xml; path = Info.plist; sourceTree = "<group>"; };
		37BF8162236A83640007AB08 /* iTunesAlbumsUITests.xctest */ = {isa = PBXFileReference; explicitFileType = wrapper.cfbundle; includeInIndex = 0; path = iTunesAlbumsUITests.xctest; sourceTree = BUILT_PRODUCTS_DIR; };
		37BF8166236A83640007AB08 /* iTunesAlbumsUITests.swift */ = {isa = PBXFileReference; lastKnownFileType = sourcecode.swift; path = iTunesAlbumsUITests.swift; sourceTree = "<group>"; };
		37BF8168236A83640007AB08 /* Info.plist */ = {isa = PBXFileReference; lastKnownFileType = text.plist.xml; path = Info.plist; sourceTree = "<group>"; };
		37BF8174236A854E0007AB08 /* AlbumsTableViewController.swift */ = {isa = PBXFileReference; lastKnownFileType = sourcecode.swift; path = AlbumsTableViewController.swift; sourceTree = "<group>"; };
		37BF8176236A88250007AB08 /* Constants.swift */ = {isa = PBXFileReference; lastKnownFileType = sourcecode.swift; path = Constants.swift; sourceTree = "<group>"; };
		37BF817A236AA0DD0007AB08 /* AlbumsModel.swift */ = {isa = PBXFileReference; lastKnownFileType = sourcecode.swift; path = AlbumsModel.swift; sourceTree = "<group>"; };
/* End PBXFileReference section */

/* Begin PBXFrameworksBuildPhase section */
		37BF8140236A835F0007AB08 /* Frameworks */ = {
			isa = PBXFrameworksBuildPhase;
			buildActionMask = 2147483647;
			files = (
			);
			runOnlyForDeploymentPostprocessing = 0;
		};
		37BF8154236A83640007AB08 /* Frameworks */ = {
			isa = PBXFrameworksBuildPhase;
			buildActionMask = 2147483647;
			files = (
			);
			runOnlyForDeploymentPostprocessing = 0;
		};
		37BF815F236A83640007AB08 /* Frameworks */ = {
			isa = PBXFrameworksBuildPhase;
			buildActionMask = 2147483647;
			files = (
			);
			runOnlyForDeploymentPostprocessing = 0;
		};
/* End PBXFrameworksBuildPhase section */

/* Begin PBXGroup section */
		37BF813A236A835F0007AB08 = {
			isa = PBXGroup;
			children = (
				37BF8145236A835F0007AB08 /* iTunesAlbums */,
				37BF815A236A83640007AB08 /* iTunesAlbumsTests */,
				37BF8165236A83640007AB08 /* iTunesAlbumsUITests */,
				37BF8144236A835F0007AB08 /* Products */,
			);
			sourceTree = "<group>";
		};
		37BF8144236A835F0007AB08 /* Products */ = {
			isa = PBXGroup;
			children = (
				37BF8143236A835F0007AB08 /* iTunesAlbums.app */,
				37BF8157236A83640007AB08 /* iTunesAlbumsTests.xctest */,
				37BF8162236A83640007AB08 /* iTunesAlbumsUITests.xctest */,
			);
			name = Products;
			sourceTree = "<group>";
		};
		37BF8145236A835F0007AB08 /* iTunesAlbums */ = {
			isa = PBXGroup;
			children = (
				37BF8146236A835F0007AB08 /* AppDelegate.swift */,
				37BF8174236A854E0007AB08 /* AlbumsTableViewController.swift */,
				37A5D2F7236B7C8600D0828B /* AlbumDetailViewController.swift */,
				37BF817A236AA0DD0007AB08 /* AlbumsModel.swift */,
				3780E136236BDAED00B186E7 /* NetworkHandler.swift */,
				37BF8176236A88250007AB08 /* Constants.swift */,
				37BF814D236A83640007AB08 /* Assets.xcassets */,
				37BF814F236A83640007AB08 /* LaunchScreen.storyboard */,
				37BF8152236A83640007AB08 /* Info.plist */,
			);
			path = iTunesAlbums;
			sourceTree = "<group>";
		};
		37BF815A236A83640007AB08 /* iTunesAlbumsTests */ = {
			isa = PBXGroup;
			children = (
				37BF815B236A83640007AB08 /* iTunesAlbumsTests.swift */,
				37BF815D236A83640007AB08 /* Info.plist */,
			);
			path = iTunesAlbumsTests;
			sourceTree = "<group>";
		};
		37BF8165236A83640007AB08 /* iTunesAlbumsUITests */ = {
			isa = PBXGroup;
			children = (
				37BF8166236A83640007AB08 /* iTunesAlbumsUITests.swift */,
				37BF8168236A83640007AB08 /* Info.plist */,
			);
			path = iTunesAlbumsUITests;
			sourceTree = "<group>";
		};
/* End PBXGroup section */

/* Begin PBXNativeTarget section */
		37BF8142236A835F0007AB08 /* iTunesAlbums */ = {
			isa = PBXNativeTarget;
			buildConfigurationList = 37BF816B236A83640007AB08 /* Build configuration list for PBXNativeTarget "iTunesAlbums" */;
			buildPhases = (
				37BF813F236A835F0007AB08 /* Sources */,
				37BF8140236A835F0007AB08 /* Frameworks */,
				37BF8141236A835F0007AB08 /* Resources */,
			);
			buildRules = (
			);
			dependencies = (
			);
			name = iTunesAlbums;
			productName = iTunesAlbums;
			productReference = 37BF8143236A835F0007AB08 /* iTunesAlbums.app */;
			productType = "com.apple.product-type.application";
		};
		37BF8156236A83640007AB08 /* iTunesAlbumsTests */ = {
			isa = PBXNativeTarget;
			buildConfigurationList = 37BF816E236A83640007AB08 /* Build configuration list for PBXNativeTarget "iTunesAlbumsTests" */;
			buildPhases = (
				37BF8153236A83640007AB08 /* Sources */,
				37BF8154236A83640007AB08 /* Frameworks */,
				37BF8155236A83640007AB08 /* Resources */,
			);
			buildRules = (
			);
			dependencies = (
				37BF8159236A83640007AB08 /* PBXTargetDependency */,
			);
			name = iTunesAlbumsTests;
			productName = iTunesAlbumsTests;
			productReference = 37BF8157236A83640007AB08 /* iTunesAlbumsTests.xctest */;
			productType = "com.apple.product-type.bundle.unit-test";
		};
		37BF8161236A83640007AB08 /* iTunesAlbumsUITests */ = {
			isa = PBXNativeTarget;
			buildConfigurationList = 37BF8171236A83640007AB08 /* Build configuration list for PBXNativeTarget "iTunesAlbumsUITests" */;
			buildPhases = (
				37BF815E236A83640007AB08 /* Sources */,
				37BF815F236A83640007AB08 /* Frameworks */,
				37BF8160236A83640007AB08 /* Resources */,
			);
			buildRules = (
			);
			dependencies = (
				37BF8164236A83640007AB08 /* PBXTargetDependency */,
			);
			name = iTunesAlbumsUITests;
			productName = iTunesAlbumsUITests;
			productReference = 37BF8162236A83640007AB08 /* iTunesAlbumsUITests.xctest */;
			productType = "com.apple.product-type.bundle.ui-testing";
		};
/* End PBXNativeTarget section */

/* Begin PBXProject section */
		37BF813B236A835F0007AB08 /* Project object */ = {
			isa = PBXProject;
			attributes = {
				LastSwiftUpdateCheck = 1030;
				LastUpgradeCheck = 1030;
				ORGANIZATIONNAME = Verizon;
				TargetAttributes = {
					37BF8142236A835F0007AB08 = {
						CreatedOnToolsVersion = 10.3;
					};
					37BF8156236A83640007AB08 = {
						CreatedOnToolsVersion = 10.3;
						TestTargetID = 37BF8142236A835F0007AB08;
					};
					37BF8161236A83640007AB08 = {
						CreatedOnToolsVersion = 10.3;
						TestTargetID = 37BF8142236A835F0007AB08;
					};
				};
			};
			buildConfigurationList = 37BF813E236A835F0007AB08 /* Build configuration list for PBXProject "iTunesAlbums" */;
			compatibilityVersion = "Xcode 9.3";
			developmentRegion = en;
			hasScannedForEncodings = 0;
			knownRegions = (
				en,
				Base,
			);
			mainGroup = 37BF813A236A835F0007AB08;
			productRefGroup = 37BF8144236A835F0007AB08 /* Products */;
			projectDirPath = "";
			projectRoot = "";
			targets = (
				37BF8142236A835F0007AB08 /* iTunesAlbums */,
				37BF8156236A83640007AB08 /* iTunesAlbumsTests */,
				37BF8161236A83640007AB08 /* iTunesAlbumsUITests */,
			);
		};
/* End PBXProject section */

/* Begin PBXResourcesBuildPhase section */
		37BF8141236A835F0007AB08 /* Resources */ = {
			isa = PBXResourcesBuildPhase;
			buildActionMask = 2147483647;
			files = (
				37BF8151236A83640007AB08 /* LaunchScreen.storyboard in Resources */,
				37BF814E236A83640007AB08 /* Assets.xcassets in Resources */,
			);
			runOnlyForDeploymentPostprocessing = 0;
		};
		37BF8155236A83640007AB08 /* Resources */ = {
			isa = PBXResourcesBuildPhase;
			buildActionMask = 2147483647;
			files = (
			);
			runOnlyForDeploymentPostprocessing = 0;
		};
		37BF8160236A83640007AB08 /* Resources */ = {
			isa = PBXResourcesBuildPhase;
			buildActionMask = 2147483647;
			files = (
			);
			runOnlyForDeploymentPostprocessing = 0;
		};
/* End PBXResourcesBuildPhase section */

/* Begin PBXSourcesBuildPhase section */
		37BF813F236A835F0007AB08 /* Sources */ = {
			isa = PBXSourcesBuildPhase;
			buildActionMask = 2147483647;
			files = (
				37BF8175236A854E0007AB08 /* AlbumsTableViewController.swift in Sources */,
				37BF8147236A835F0007AB08 /* AppDelegate.swift in Sources */,
				37BF8177236A88250007AB08 /* Constants.swift in Sources */,
				37BF817B236AA0DD0007AB08 /* AlbumsModel.swift in Sources */,
				37A5D2F8236B7C8600D0828B /* AlbumDetailViewController.swift in Sources */,
				3780E137236BDAED00B186E7 /* NetworkHandler.swift in Sources */,
			);
			runOnlyForDeploymentPostprocessing = 0;
		};
		37BF8153236A83640007AB08 /* Sources */ = {
			isa = PBXSourcesBuildPhase;
			buildActionMask = 2147483647;
			files = (
				37BF815C236A83640007AB08 /* iTunesAlbumsTests.swift in Sources */,
			);
			runOnlyForDeploymentPostprocessing = 0;
		};
		37BF815E236A83640007AB08 /* Sources */ = {
			isa = PBXSourcesBuildPhase;
			buildActionMask = 2147483647;
			files = (
				37BF8167236A83640007AB08 /* iTunesAlbumsUITests.swift in Sources */,
			);
			runOnlyForDeploymentPostprocessing = 0;
		};
/* End PBXSourcesBuildPhase section */

/* Begin PBXTargetDependency section */
		37BF8159236A83640007AB08 /* PBXTargetDependency */ = {
			isa = PBXTargetDependency;
			target = 37BF8142236A835F0007AB08 /* iTunesAlbums */;
			targetProxy = 37BF8158236A83640007AB08 /* PBXContainerItemProxy */;
		};
		37BF8164236A83640007AB08 /* PBXTargetDependency */ = {
			isa = PBXTargetDependency;
			target = 37BF8142236A835F0007AB08 /* iTunesAlbums */;
			targetProxy = 37BF8163236A83640007AB08 /* PBXContainerItemProxy */;
		};
/* End PBXTargetDependency section */

/* Begin PBXVariantGroup section */
		37BF814F236A83640007AB08 /* LaunchScreen.storyboard */ = {
			isa = PBXVariantGroup;
			children = (
				37BF8150236A83640007AB08 /* Base */,
			);
			name = LaunchScreen.storyboard;
			sourceTree = "<group>";
		};
/* End PBXVariantGroup section */

/* Begin XCBuildConfiguration section */
		37BF8169236A83640007AB08 /* Debug */ = {
			isa = XCBuildConfiguration;
			buildSettings = {
				ALWAYS_SEARCH_USER_PATHS = NO;
				CLANG_ANALYZER_NONNULL = YES;
				CLANG_ANALYZER_NUMBER_OBJECT_CONVERSION = YES_AGGRESSIVE;
				CLANG_CXX_LANGUAGE_STANDARD = "gnu++14";
				CLANG_CXX_LIBRARY = "libc++";
				CLANG_ENABLE_MODULES = YES;
				CLANG_ENABLE_OBJC_ARC = YES;
				CLANG_ENABLE_OBJC_WEAK = YES;
				CLANG_WARN_BLOCK_CAPTURE_AUTORELEASING = YES;
				CLANG_WARN_BOOL_CONVERSION = YES;
				CLANG_WARN_COMMA = YES;
				CLANG_WARN_CONSTANT_CONVERSION = YES;
				CLANG_WARN_DEPRECATED_OBJC_IMPLEMENTATIONS = YES;
				CLANG_WARN_DIRECT_OBJC_ISA_USAGE = YES_ERROR;
				CLANG_WARN_DOCUMENTATION_COMMENTS = YES;
				CLANG_WARN_EMPTY_BODY = YES;
				CLANG_WARN_ENUM_CONVERSION = YES;
				CLANG_WARN_INFINITE_RECURSION = YES;
				CLANG_WARN_INT_CONVERSION = YES;
				CLANG_WARN_NON_LITERAL_NULL_CONVERSION = YES;
				CLANG_WARN_OBJC_IMPLICIT_RETAIN_SELF = YES;
				CLANG_WARN_OBJC_LITERAL_CONVERSION = YES;
				CLANG_WARN_OBJC_ROOT_CLASS = YES_ERROR;
				CLANG_WARN_RANGE_LOOP_ANALYSIS = YES;
				CLANG_WARN_STRICT_PROTOTYPES = YES;
				CLANG_WARN_SUSPICIOUS_MOVE = YES;
				CLANG_WARN_UNGUARDED_AVAILABILITY = YES_AGGRESSIVE;
				CLANG_WARN_UNREACHABLE_CODE = YES;
				CLANG_WARN__DUPLICATE_METHOD_MATCH = YES;
				CODE_SIGN_IDENTITY = "iPhone Developer";
				COPY_PHASE_STRIP = NO;
				DEBUG_INFORMATION_FORMAT = dwarf;
				ENABLE_STRICT_OBJC_MSGSEND = YES;
				ENABLE_TESTABILITY = YES;
				GCC_C_LANGUAGE_STANDARD = gnu11;
				GCC_DYNAMIC_NO_PIC = NO;
				GCC_NO_COMMON_BLOCKS = YES;
				GCC_OPTIMIZATION_LEVEL = 0;
				GCC_PREPROCESSOR_DEFINITIONS = (
					"DEBUG=1",
					"$(inherited)",
				);
				GCC_WARN_64_TO_32_BIT_CONVERSION = YES;
				GCC_WARN_ABOUT_RETURN_TYPE = YES_ERROR;
				GCC_WARN_UNDECLARED_SELECTOR = YES;
				GCC_WARN_UNINITIALIZED_AUTOS = YES_AGGRESSIVE;
				GCC_WARN_UNUSED_FUNCTION = YES;
				GCC_WARN_UNUSED_VARIABLE = YES;
				IPHONEOS_DEPLOYMENT_TARGET = 12.4;
				MTL_ENABLE_DEBUG_INFO = INCLUDE_SOURCE;
				MTL_FAST_MATH = YES;
				ONLY_ACTIVE_ARCH = YES;
				SDKROOT = iphoneos;
				SWIFT_ACTIVE_COMPILATION_CONDITIONS = DEBUG;
				SWIFT_OPTIMIZATION_LEVEL = "-Onone";
			};
			name = Debug;
		};
		37BF816A236A83640007AB08 /* Release */ = {
			isa = XCBuildConfiguration;
			buildSettings = {
				ALWAYS_SEARCH_USER_PATHS = NO;
				CLANG_ANALYZER_NONNULL = YES;
				CLANG_ANALYZER_NUMBER_OBJECT_CONVERSION = YES_AGGRESSIVE;
				CLANG_CXX_LANGUAGE_STANDARD = "gnu++14";
				CLANG_CXX_LIBRARY = "libc++";
				CLANG_ENABLE_MODULES = YES;
				CLANG_ENABLE_OBJC_ARC = YES;
				CLANG_ENABLE_OBJC_WEAK = YES;
				CLANG_WARN_BLOCK_CAPTURE_AUTORELEASING = YES;
				CLANG_WARN_BOOL_CONVERSION = YES;
				CLANG_WARN_COMMA = YES;
				CLANG_WARN_CONSTANT_CONVERSION = YES;
				CLANG_WARN_DEPRECATED_OBJC_IMPLEMENTATIONS = YES;
				CLANG_WARN_DIRECT_OBJC_ISA_USAGE = YES_ERROR;
				CLANG_WARN_DOCUMENTATION_COMMENTS = YES;
				CLANG_WARN_EMPTY_BODY = YES;
				CLANG_WARN_ENUM_CONVERSION = YES;
				CLANG_WARN_INFINITE_RECURSION = YES;
				CLANG_WARN_INT_CONVERSION = YES;
				CLANG_WARN_NON_LITERAL_NULL_CONVERSION = YES;
				CLANG_WARN_OBJC_IMPLICIT_RETAIN_SELF = YES;
				CLANG_WARN_OBJC_LITERAL_CONVERSION = YES;
				CLANG_WARN_OBJC_ROOT_CLASS = YES_ERROR;
				CLANG_WARN_RANGE_LOOP_ANALYSIS = YES;
				CLANG_WARN_STRICT_PROTOTYPES = YES;
				CLANG_WARN_SUSPICIOUS_MOVE = YES;
				CLANG_WARN_UNGUARDED_AVAILABILITY = YES_AGGRESSIVE;
				CLANG_WARN_UNREACHABLE_CODE = YES;
				CLANG_WARN__DUPLICATE_METHOD_MATCH = YES;
				CODE_SIGN_IDENTITY = "iPhone Developer";
				COPY_PHASE_STRIP = NO;
				DEBUG_INFORMATION_FORMAT = "dwarf-with-dsym";
				ENABLE_NS_ASSERTIONS = NO;
				ENABLE_STRICT_OBJC_MSGSEND = YES;
				GCC_C_LANGUAGE_STANDARD = gnu11;
				GCC_NO_COMMON_BLOCKS = YES;
				GCC_WARN_64_TO_32_BIT_CONVERSION = YES;
				GCC_WARN_ABOUT_RETURN_TYPE = YES_ERROR;
				GCC_WARN_UNDECLARED_SELECTOR = YES;
				GCC_WARN_UNINITIALIZED_AUTOS = YES_AGGRESSIVE;
				GCC_WARN_UNUSED_FUNCTION = YES;
				GCC_WARN_UNUSED_VARIABLE = YES;
				IPHONEOS_DEPLOYMENT_TARGET = 12.4;
				MTL_ENABLE_DEBUG_INFO = NO;
				MTL_FAST_MATH = YES;
				SDKROOT = iphoneos;
				SWIFT_COMPILATION_MODE = wholemodule;
				SWIFT_OPTIMIZATION_LEVEL = "-O";
				VALIDATE_PRODUCT = YES;
			};
			name = Release;
		};
		37BF816C236A83640007AB08 /* Debug */ = {
			isa = XCBuildConfiguration;
			buildSettings = {
				ASSETCATALOG_COMPILER_APPICON_NAME = AppIcon;
				CODE_SIGN_STYLE = Automatic;
				DEVELOPMENT_TEAM = 8X86TFPRV3;
				INFOPLIST_FILE = iTunesAlbums/Info.plist;
				LD_RUNPATH_SEARCH_PATHS = (
					"$(inherited)",
					"@executable_path/Frameworks",
				);
				PRODUCT_BUNDLE_IDENTIFIER = www.iTunesAlbums;
				PRODUCT_NAME = "$(TARGET_NAME)";
				SWIFT_VERSION = 5.0;
				TARGETED_DEVICE_FAMILY = "1,2";
			};
			name = Debug;
		};
		37BF816D236A83640007AB08 /* Release */ = {
			isa = XCBuildConfiguration;
			buildSettings = {
				ASSETCATALOG_COMPILER_APPICON_NAME = AppIcon;
				CODE_SIGN_STYLE = Automatic;
				DEVELOPMENT_TEAM = 8X86TFPRV3;
				INFOPLIST_FILE = iTunesAlbums/Info.plist;
				LD_RUNPATH_SEARCH_PATHS = (
					"$(inherited)",
					"@executable_path/Frameworks",
				);
				PRODUCT_BUNDLE_IDENTIFIER = www.iTunesAlbums;
				PRODUCT_NAME = "$(TARGET_NAME)";
				SWIFT_VERSION = 5.0;
				TARGETED_DEVICE_FAMILY = "1,2";
			};
			name = Release;
		};
		37BF816F236A83640007AB08 /* Debug */ = {
			isa = XCBuildConfiguration;
			buildSettings = {
				ALWAYS_EMBED_SWIFT_STANDARD_LIBRARIES = YES;
				BUNDLE_LOADER = "$(TEST_HOST)";
				CODE_SIGN_STYLE = Automatic;
				DEVELOPMENT_TEAM = 8X86TFPRV3;
				INFOPLIST_FILE = iTunesAlbumsTests/Info.plist;
				LD_RUNPATH_SEARCH_PATHS = (
					"$(inherited)",
					"@executable_path/Frameworks",
					"@loader_path/Frameworks",
				);
				PRODUCT_BUNDLE_IDENTIFIER = www.iTunesAlbumsTests;
				PRODUCT_NAME = "$(TARGET_NAME)";
				SWIFT_VERSION = 5.0;
				TARGETED_DEVICE_FAMILY = "1,2";
				TEST_HOST = "$(BUILT_PRODUCTS_DIR)/iTunesAlbums.app/iTunesAlbums";
			};
			name = Debug;
		};
		37BF8170236A83640007AB08 /* Release */ = {
			isa = XCBuildConfiguration;
			buildSettings = {
				ALWAYS_EMBED_SWIFT_STANDARD_LIBRARIES = YES;
				BUNDLE_LOADER = "$(TEST_HOST)";
				CODE_SIGN_STYLE = Automatic;
				DEVELOPMENT_TEAM = 8X86TFPRV3;
				INFOPLIST_FILE = iTunesAlbumsTests/Info.plist;
				LD_RUNPATH_SEARCH_PATHS = (
					"$(inherited)",
					"@executable_path/Frameworks",
					"@loader_path/Frameworks",
				);
				PRODUCT_BUNDLE_IDENTIFIER = www.iTunesAlbumsTests;
				PRODUCT_NAME = "$(TARGET_NAME)";
				SWIFT_VERSION = 5.0;
				TARGETED_DEVICE_FAMILY = "1,2";
				TEST_HOST = "$(BUILT_PRODUCTS_DIR)/iTunesAlbums.app/iTunesAlbums";
			};
			name = Release;
		};
		37BF8172236A83640007AB08 /* Debug */ = {
			isa = XCBuildConfiguration;
			buildSettings = {
				ALWAYS_EMBED_SWIFT_STANDARD_LIBRARIES = YES;
				CODE_SIGN_STYLE = Automatic;
				DEVELOPMENT_TEAM = 8X86TFPRV3;
				INFOPLIST_FILE = iTunesAlbumsUITests/Info.plist;
				LD_RUNPATH_SEARCH_PATHS = (
					"$(inherited)",
					"@executable_path/Frameworks",
					"@loader_path/Frameworks",
				);
				PRODUCT_BUNDLE_IDENTIFIER = www.iTunesAlbumsUITests;
				PRODUCT_NAME = "$(TARGET_NAME)";
				SWIFT_VERSION = 5.0;
				TARGETED_DEVICE_FAMILY = "1,2";
				TEST_TARGET_NAME = iTunesAlbums;
			};
			name = Debug;
		};
		37BF8173236A83640007AB08 /* Release */ = {
			isa = XCBuildConfiguration;
			buildSettings = {
				ALWAYS_EMBED_SWIFT_STANDARD_LIBRARIES = YES;
				CODE_SIGN_STYLE = Automatic;
				DEVELOPMENT_TEAM = 8X86TFPRV3;
				INFOPLIST_FILE = iTunesAlbumsUITests/Info.plist;
				LD_RUNPATH_SEARCH_PATHS = (
					"$(inherited)",
					"@executable_path/Frameworks",
					"@loader_path/Frameworks",
				);
				PRODUCT_BUNDLE_IDENTIFIER = www.iTunesAlbumsUITests;
				PRODUCT_NAME = "$(TARGET_NAME)";
				SWIFT_VERSION = 5.0;
				TARGETED_DEVICE_FAMILY = "1,2";
				TEST_TARGET_NAME = iTunesAlbums;
			};
			name = Release;
		};
/* End XCBuildConfiguration section */

/* Begin XCConfigurationList section */
		37BF813E236A835F0007AB08 /* Build configuration list for PBXProject "iTunesAlbums" */ = {
			isa = XCConfigurationList;
			buildConfigurations = (
				37BF8169236A83640007AB08 /* Debug */,
				37BF816A236A83640007AB08 /* Release */,
			);
			defaultConfigurationIsVisible = 0;
			defaultConfigurationName = Release;
		};
		37BF816B236A83640007AB08 /* Build configuration list for PBXNativeTarget "iTunesAlbums" */ = {
			isa = XCConfigurationList;
			buildConfigurations = (
				37BF816C236A83640007AB08 /* Debug */,
				37BF816D236A83640007AB08 /* Release */,
			);
			defaultConfigurationIsVisible = 0;
			defaultConfigurationName = Release;
		};
		37BF816E236A83640007AB08 /* Build configuration list for PBXNativeTarget "iTunesAlbumsTests" */ = {
			isa = XCConfigurationList;
			buildConfigurations = (
				37BF816F236A83640007AB08 /* Debug */,
				37BF8170236A83640007AB08 /* Release */,
			);
			defaultConfigurationIsVisible = 0;
			defaultConfigurationName = Release;
		};
		37BF8171236A83640007AB08 /* Build configuration list for PBXNativeTarget "iTunesAlbumsUITests" */ = {
			isa = XCConfigurationList;
			buildConfigurations = (
				37BF8172236A83640007AB08 /* Debug */,
				37BF8173236A83640007AB08 /* Release */,
			);
			defaultConfigurationIsVisible = 0;
			defaultConfigurationName = Release;
		};
/* End XCConfigurationList section */
	};
	rootObject = 37BF813B236A835F0007AB08 /* Project object */;
}
